
Microsoft Visual Studio Solution File, Format Version 12.00
# Visual Studio Version 16
VisualStudioVersion = 16.0.29201.188
MinimumVisualStudioVersion = 10.0.40219.1
Project("{8BC9CEB8-8B4A-11D0-8D11-00A0C91BC942}") = "alfabet", "alfabet\alfabet.vcxproj", "{0651A7FF-9C78-432E-B4D3-CFBC2099FD75}"
EndProject
Global
	GlobalSection(SolutionConfigurationPlatforms) = preSolution
		Debug|x64 = Debug|x64
		Debug|x86 = Debug|x86
		Release|x64 = Release|x64
		Release|x86 = Release|x86
	EndGlobalSection
	GlobalSection(ProjectConfigurationPlatforms) = postSolution
		{0651A7FF-9C78-432E-B4D3-CFBC2099FD75}.Debug|x64.ActiveCfg = Debug|x64
		{0651A7FF-9C78-432E-B4D3-CFBC2099FD75}.Debug|x64.Build.0 = Debug|x64
		{0651A7FF-9C78-432E-B4D3-CFBC2099FD75}.Debug|x86.ActiveCfg = Debug|Win32
		{0651A7FF-9C78-432E-B4D3-CFBC2099FD75}.Debug|x86.Build.0 = Debug|Win32
		{0651A7FF-9C78-432E-B4D3-CFBC2099FD75}.Release|x64.ActiveCfg = Release|x64
		{0651A7FF-9C78-432E-B4D3-CFBC2099FD75}.Release|x64.Build.0 = Release|x64
		{0651A7FF-9C78-432E-B4D3-CFBC2099FD75}.Release|x86.ActiveCfg = Release|Win32
		{0651A7FF-9C78-432E-B4D3-CFBC2099FD75}.Release|x86.Build.0 = Release|Win32
	EndGlobalSection
	GlobalSection(SolutionProperties) = preSolution
		HideSolutionNode = FALSE
	EndGlobalSection
	GlobalSection(ExtensibilityGlobals) = postSolution
		SolutionGuid = {2124EE55-B947-40DD-91FE-FC4C822E054A}
	EndGlobalSection
EndGlobal
