
Microsoft Visual Studio Solution File, Format Version 12.00
# Visual Studio Version 16
VisualStudioVersion = 16.0.29201.188
MinimumVisualStudioVersion = 10.0.40219.1
Project("{8BC9CEB8-8B4A-11D0-8D11-00A0C91BC942}") = "jednoargumentowe operatory", "jednoargumentowe operatory\jednoargumentowe operatory.vcxproj", "{FB304B0C-8FE6-4AB4-9A06-396C8F3DB14A}"
EndProject
Global
	GlobalSection(SolutionConfigurationPlatforms) = preSolution
		Debug|x64 = Debug|x64
		Debug|x86 = Debug|x86
		Release|x64 = Release|x64
		Release|x86 = Release|x86
	EndGlobalSection
	GlobalSection(ProjectConfigurationPlatforms) = postSolution
		{FB304B0C-8FE6-4AB4-9A06-396C8F3DB14A}.Debug|x64.ActiveCfg = Debug|x64
		{FB304B0C-8FE6-4AB4-9A06-396C8F3DB14A}.Debug|x64.Build.0 = Debug|x64
		{FB304B0C-8FE6-4AB4-9A06-396C8F3DB14A}.Debug|x86.ActiveCfg = Debug|Win32
		{FB304B0C-8FE6-4AB4-9A06-396C8F3DB14A}.Debug|x86.Build.0 = Debug|Win32
		{FB304B0C-8FE6-4AB4-9A06-396C8F3DB14A}.Release|x64.ActiveCfg = Release|x64
		{FB304B0C-8FE6-4AB4-9A06-396C8F3DB14A}.Release|x64.Build.0 = Release|x64
		{FB304B0C-8FE6-4AB4-9A06-396C8F3DB14A}.Release|x86.ActiveCfg = Release|Win32
		{FB304B0C-8FE6-4AB4-9A06-396C8F3DB14A}.Release|x86.Build.0 = Release|Win32
	EndGlobalSection
	GlobalSection(SolutionProperties) = preSolution
		HideSolutionNode = FALSE
	EndGlobalSection
	GlobalSection(ExtensibilityGlobals) = postSolution
		SolutionGuid = {8CECDB6E-B256-4037-A8DA-1ECEB839904C}
	EndGlobalSection
EndGlobal
