
Microsoft Visual Studio Solution File, Format Version 12.00
# Visual Studio Version 16
VisualStudioVersion = 16.0.29102.190
MinimumVisualStudioVersion = 10.0.40219.1
Project("{8BC9CEB8-8B4A-11D0-8D11-00A0C91BC942}") = "monika2", "monika2\monika2.vcxproj", "{37F123A6-A6DA-4F07-8520-176B81F6D512}"
EndProject
Global
	GlobalSection(SolutionConfigurationPlatforms) = preSolution
		Debug|x64 = Debug|x64
		Debug|x86 = Debug|x86
		Release|x64 = Release|x64
		Release|x86 = Release|x86
	EndGlobalSection
	GlobalSection(ProjectConfigurationPlatforms) = postSolution
		{37F123A6-A6DA-4F07-8520-176B81F6D512}.Debug|x64.ActiveCfg = Debug|x64
		{37F123A6-A6DA-4F07-8520-176B81F6D512}.Debug|x64.Build.0 = Debug|x64
		{37F123A6-A6DA-4F07-8520-176B81F6D512}.Debug|x86.ActiveCfg = Debug|Win32
		{37F123A6-A6DA-4F07-8520-176B81F6D512}.Debug|x86.Build.0 = Debug|Win32
		{37F123A6-A6DA-4F07-8520-176B81F6D512}.Release|x64.ActiveCfg = Release|x64
		{37F123A6-A6DA-4F07-8520-176B81F6D512}.Release|x64.Build.0 = Release|x64
		{37F123A6-A6DA-4F07-8520-176B81F6D512}.Release|x86.ActiveCfg = Release|Win32
		{37F123A6-A6DA-4F07-8520-176B81F6D512}.Release|x86.Build.0 = Release|Win32
	EndGlobalSection
	GlobalSection(SolutionProperties) = preSolution
		HideSolutionNode = FALSE
	EndGlobalSection
	GlobalSection(ExtensibilityGlobals) = postSolution
		SolutionGuid = {E5B69ED6-DB95-4BAC-9B8E-90188719F729}
	EndGlobalSection
EndGlobal
